{
  "requires": true,
  "lockfileVersion": 1,
  "dependencies": {
    "adb": {
      "version": "0.2.0",
      "resolved": "https://registry.npmjs.org/adb/-/adb-0.2.0.tgz",
      "integrity": "sha1-Yi2AOz/MDQBHUfwHZhhWRC4+s8E="
    },
    "react-native-adb": {
      "version": "1.0.0",
      "resolved": "https://registry.npmjs.org/react-native-adb/-/react-native-adb-1.0.0.tgz",
      "integrity": "sha512-DAUl3Hh911aC5InUXByeSBCGmT4y1UjT5iGnmmVQoVaMtO4WZrhaShk8Mcq9eo7eVT+tms3hn7qxDYp2DZx50A=="
    }
  }
}
